{
  "name": "alexa-radio",
  "version": "0.8.0",
  "lockfileVersion": 2,
  "requires": true,
  "packages": {
    "": {
      "name": "alexa-radio",
      "version": "0.8.0",
      "dependencies": {
        "fs": "^0.0.1-security",
        "lib": "^4.0.2"
      }
    },
    "node_modules/fs": {
      "version": "0.0.1-security",
      "resolved": "https://registry.npmjs.org/fs/-/fs-0.0.1-security.tgz",
      "integrity": "sha512-3XY9e1pP0CVEUCdj5BmfIZxRBTSDycnbqhIOGec9QYtmVH2fbLpj86CFWkrNOkt/Fvty4KZG5lTglL9j/gJ87w=="
    },
    "node_modules/lib": {
      "version": "4.3.3",
      "resolved": "https://registry.npmjs.org/lib/-/lib-4.3.3.tgz",
      "integrity": "sha512-5ZIjwJvbfVJjbu0BTpfkqJrQ2ykXzo+XRFkHkTPHGpAPNS9vWwhLn1caQsedTKXmQ2U9gKYFSAlfjAXdXuWBjA==",
      "engines": {
        "node": ">=4.0.0"
      }
    }
  },
  "dependencies": {
    "fs": {
      "version": "0.0.1-security",
      "resolved": "https://registry.npmjs.org/fs/-/fs-0.0.1-security.tgz",
      "integrity": "sha512-3XY9e1pP0CVEUCdj5BmfIZxRBTSDycnbqhIOGec9QYtmVH2fbLpj86CFWkrNOkt/Fvty4KZG5lTglL9j/gJ87w=="
    },
    "lib": {
      "version": "4.3.3",
      "resolved": "https://registry.npmjs.org/lib/-/lib-4.3.3.tgz",
      "integrity": "sha512-5ZIjwJvbfVJjbu0BTpfkqJrQ2ykXzo+XRFkHkTPHGpAPNS9vWwhLn1caQsedTKXmQ2U9gKYFSAlfjAXdXuWBjA=="
    }
  }
}
